{
  "name": "UAS",
  "lockfileVersion": 3,
  "requires": true,
  "packages": {
    "": {
      "devDependencies": {
        "supabase": "^2.102.0-beta.18"
      }
    },
    "node_modules/@supabase/cli-darwin-arm64": {
      "version": "2.102.0-beta.18",
      "resolved": "https://registry.npmjs.org/@supabase/cli-darwin-arm64/-/cli-darwin-arm64-2.102.0-beta.18.tgz",
      "integrity": "sha512-t4kTh9xw6p1L4zfTMQWpW50BcTpuZhV0HlMDCkf9uBLFIx6izZJ19U3qE7k9nDKDQN6xeqZsFnO+/5hXvzI9jg==",
      "cpu": [
        "arm64"
      ],
      "dev": true,
      "license": "MIT",
      "optional": true,
      "os": [
        "darwin"
      ]
    },
    "node_modules/@supabase/cli-darwin-x64": {
      "version": "2.102.0-beta.18",
      "resolved": "https://registry.npmjs.org/@supabase/cli-darwin-x64/-/cli-darwin-x64-2.102.0-beta.18.tgz",
      "integrity": "sha512-RLOxhYJmm95X7iVfb0tMl5k/rqJ+IvFlaaUsECN9nI/pvUenSOYuENfUgdr+tiXtT2FhgWqm6VMDMaxh7+BwHg==",
      "cpu": [
        "x64"
      ],
      "dev": true,
      "license": "MIT",
      "optional": true,
      "os": [
        "darwin"
      ]
    },
    "node_modules/@supabase/cli-linux-arm64": {
      "version": "2.102.0-beta.18",
      "resolved": "https://registry.npmjs.org/@supabase/cli-linux-arm64/-/cli-linux-arm64-2.102.0-beta.18.tgz",
      "integrity": "sha512-tLcLoXkokyNh+cLHcWsr7PUjE3nxls5HAFwJowhuJLL3C0Gox/+I+LaXJxXXMdxsoipGAh8BD+eEzlH7U9w9Aw==",
      "cpu": [
        "arm64"
      ],
      "dev": true,
      "license": "MIT",
      "optional": true,
      "os": [
        "linux"
      ]
    },
    "node_modules/@supabase/cli-linux-arm64-musl": {
      "version": "2.102.0-beta.18",
      "resolved": "https://registry.npmjs.org/@supabase/cli-linux-arm64-musl/-/cli-linux-arm64-musl-2.102.0-beta.18.tgz",
      "integrity": "sha512-dRA6EnYccVqMmNgDYXIPHHcn9jjPdZ7vcb9npxRCjf6TEdUXgL6kIvwVFA/lvj6vEkm2wqJ6JZM/lQ772ojeyg==",
      "cpu": [
        "arm64"
      ],
      "dev": true,
      "license": "MIT",
      "optional": true,
      "os": [
        "linux"
      ]
    },
    "node_modules/@supabase/cli-linux-x64": {
      "version": "2.102.0-beta.18",
      "resolved": "https://registry.npmjs.org/@supabase/cli-linux-x64/-/cli-linux-x64-2.102.0-beta.18.tgz",
      "integrity": "sha512-1Is2WAzxjJ88wl4WdSIGMkMI2ZRkLlnWRuw0Lh20Vy5zZru9WArbS01r8xjZJEg1tEqjoT+EEUIzS2CROHKgiQ==",
      "cpu": [
        "x64"
      ],
      "dev": true,
      "license": "MIT",
      "optional": true,
      "os": [
        "linux"
      ]
    },
    "node_modules/@supabase/cli-linux-x64-musl": {
      "version": "2.102.0-beta.18",
      "resolved": "https://registry.npmjs.org/@supabase/cli-linux-x64-musl/-/cli-linux-x64-musl-2.102.0-beta.18.tgz",
      "integrity": "sha512-lVN3Rp5szGFb+n2uvCWh2AthC7K6oviJP2JsFSBkjl8Sy0xYfnpgxnUk3ONKtbmYp0BYYTeF2DXnHkvorzioug==",
      "cpu": [
        "x64"
      ],
      "dev": true,
      "license": "MIT",
      "optional": true,
      "os": [
        "linux"
      ]
    },
    "node_modules/@supabase/cli-windows-arm64": {
      "version": "2.102.0-beta.18",
      "resolved": "https://registry.npmjs.org/@supabase/cli-windows-arm64/-/cli-windows-arm64-2.102.0-beta.18.tgz",
      "integrity": "sha512-C+Ex8q/R6hoiIV6ayKACcRCes4mjhAmUzsMcNcXbQJA05Vm87kKANXnvY4rVOrCP2kMTiPhG8OJFtYgpYMY7fA==",
      "cpu": [
        "arm64"
      ],
      "dev": true,
      "license": "MIT",
      "optional": true,
      "os": [
        "win32"
      ]
    },
    "node_modules/@supabase/cli-windows-x64": {
      "version": "2.102.0-beta.18",
      "resolved": "https://registry.npmjs.org/@supabase/cli-windows-x64/-/cli-windows-x64-2.102.0-beta.18.tgz",
      "integrity": "sha512-8jzhPvgqIn4+rQt4su+sEsVN9P76GFH6OMNNvd9BoEiM+9xOfL9bHXYKOHPiye7pbFBXvvPeyvYf0sjg8JSq+w==",
      "cpu": [
        "x64"
      ],
      "dev": true,
      "license": "MIT",
      "optional": true,
      "os": [
        "win32"
      ]
    },
    "node_modules/supabase": {
      "version": "2.102.0-beta.18",
      "resolved": "https://registry.npmjs.org/supabase/-/supabase-2.102.0-beta.18.tgz",
      "integrity": "sha512-NfE+65xSEzP9ZTs+wtJzYB+3AZGr1uApE3lGYAah2kB67qtbBhGrhxXGrVQnd4ebTzTkhJ7o8xNhPpBFxtOxRw==",
      "dev": true,
      "license": "MIT",
      "bin": {
        "supabase": "dist/supabase.js"
      },
      "optionalDependencies": {
        "@supabase/cli-darwin-arm64": "2.102.0-beta.18",
        "@supabase/cli-darwin-x64": "2.102.0-beta.18",
        "@supabase/cli-linux-arm64": "2.102.0-beta.18",
        "@supabase/cli-linux-arm64-musl": "2.102.0-beta.18",
        "@supabase/cli-linux-x64": "2.102.0-beta.18",
        "@supabase/cli-linux-x64-musl": "2.102.0-beta.18",
        "@supabase/cli-windows-arm64": "2.102.0-beta.18",
        "@supabase/cli-windows-x64": "2.102.0-beta.18"
      }
    }
  }
}
